[[dependencies]]
name = "forge-std"
version = "1.10.0"
url = "https://soldeer-revisions.s3.amazonaws.com/forge-std/1_10_0_02-08-2025_06:50:35_forge-std-1.10.zip"
checksum = "8cc59e92a7762c170c15f2102c4f3718106dfc78239978fe87c64f316740cc09"
integrity = "3fd441e2499c5cf04ef9b4126f52150a50dcef9cac1645ff7a955345e947cd04"

[[dependencies]]
name = "onlyswaps-solidity"
version = "v0.5.0"
url = "https://github.com/randa-mu/onlyswaps-solidity/archive/refs/tags/v0.5.0.zip"
checksum = "039938af9c294af155397486f34dcd7c3c7c62d663eeb09a9a62d01724c58441"
integrity = "31b0b5f6559e848e4d59ab45f115b44297f3b9d61479f1042bfa305c1ae98607"
